// !$*UTF8*$!
{
	archiveVersion = 1;
	classes = {
	};
	objectVersion = 46;
	objects = {

/* Begin PBXBuildFile section */
		BB8470EA1A0B4843000B45D6 /* StringExtensions.cpp in Sources */ = {isa = PBXBuildFile; fileRef = BB8470E81A0B4843000B45D6 /* StringExtensions.cpp */; };
		BB8470EB1A0B4843000B45D6 /* StringExtensions.h in Headers */ = {isa = PBXBuildFile; fileRef = BB8470E91A0B4843000B45D6 /* StringExtensions.h */; };
/* End PBXBuildFile section */

/* Begin PBXFileReference section */
		BB8470E11A0B4824000B45D6 /* libStringExtensions.a */ = {isa = PBXFileReference; explicitFileType = archive.ar; includeInIndex = 0; path = libStringExtensions.a; sourceTree = BUILT_PRODUCTS_DIR; };
		BB8470E81A0B4843000B45D6 /* StringExtensions.cpp */ = {isa = PBXFileReference; fileEncoding = 4; lastKnownFileType = sourcecode.cpp.cpp; path = StringExtensions.cpp; sourceTree = "<group>"; };
		BB8470E91A0B4843000B45D6 /* StringExtensions.h */ = {isa = PBXFileReference; fileEncoding = 4; lastKnownFileType = sourcecode.c.h; path = StringExtensions.h; sourceTree = "<group>"; };
/* End PBXFileReference section */

/* Begin PBXFrameworksBuildPhase section */
		BB8470DE1A0B4824000B45D6 /* Frameworks */ = {
			isa = PBXFrameworksBuildPhase;
			buildActionMask = 2147483647;
			files = (
			);
			runOnlyForDeploymentPostprocessing = 0;
		};
/* End PBXFrameworksBuildPhase section */

/* Begin PBXGroup section */
		BB8470D81A0B4824000B45D6 = {
			isa = PBXGroup;
			children = (
				BB8470E81A0B4843000B45D6 /* StringExtensions.cpp */,
				BB8470E91A0B4843000B45D6 /* StringExtensions.h */,
				BB8470E21A0B4824000B45D6 /* Products */,
			);
			sourceTree = "<group>";
		};
		BB8470E21A0B4824000B45D6 /* Products */ = {
			isa = PBXGroup;
			children = (
				BB8470E11A0B4824000B45D6 /* libStringExtensions.a */,
			);
			name = Products;
			sourceTree = "<group>";
		};
/* End PBXGroup section */

/* Begin PBXHeadersBuildPhase section */
		BB8470DF1A0B4824000B45D6 /* Headers */ = {
			isa = PBXHeadersBuildPhase;
			buildActionMask = 2147483647;
			files = (
				BB8470EB1A0B4843000B45D6 /* StringExtensions.h in Headers */,
			);
			runOnlyForDeploymentPostprocessing = 0;
		};
/* End PBXHeadersBuildPhase section */

/* Begin PBXNativeTarget section */
		BB8470E01A0B4824000B45D6 /* StringExtensions */ = {
			isa = PBXNativeTarget;
			buildConfigurationList = BB8470E51A0B4824000B45D6 /* Build configuration list for PBXNativeTarget "StringExtensions" */;
			buildPhases = (
				BB8470DD1A0B4824000B45D6 /* Sources */,
				BB8470DE1A0B4824000B45D6 /* Frameworks */,
				BB8470DF1A0B4824000B45D6 /* Headers */,
			);
			buildRules = (
			);
			dependencies = (
			);
			name = StringExtensions;
			productName = StringExtensions;
			productReference = BB8470E11A0B4824000B45D6 /* libStringExtensions.a */;
			productType = "com.apple.product-type.library.static";
		};
/* End PBXNativeTarget section */

/* Begin PBXProject section */
		BB8470D91A0B4824000B45D6 /* Project object */ = {
			isa = PBXProject;
			attributes = {
				LastUpgradeCheck = 0510;
				ORGANIZATIONNAME = "Richard Walters";
			};
			buildConfigurationList = BB8470DC1A0B4824000B45D6 /* Build configuration list for PBXProject "StringExtensions" */;
			compatibilityVersion = "Xcode 3.2";
			developmentRegion = English;
			hasScannedForEncodings = 0;
			knownRegions = (
				en,
			);
			mainGroup = BB8470D81A0B4824000B45D6;
			productRefGroup = BB8470E21A0B4824000B45D6 /* Products */;
			projectDirPath = "";
			projectRoot = "";
			targets = (
				BB8470E01A0B4824000B45D6 /* StringExtensions */,
			);
		};
/* End PBXProject section */

/* Begin PBXSourcesBuildPhase section */
		BB8470DD1A0B4824000B45D6 /* Sources */ = {
			isa = PBXSourcesBuildPhase;
			buildActionMask = 2147483647;
			files = (
				BB8470EA1A0B4843000B45D6 /* StringExtensions.cpp in Sources */,
			);
			runOnlyForDeploymentPostprocessing = 0;
		};
/* End PBXSourcesBuildPhase section */

/* Begin XCBuildConfiguration section */
		BB8470E31A0B4824000B45D6 /* Debug */ = {
			isa = XCBuildConfiguration;
			buildSettings = {
				ALWAYS_SEARCH_USER_PATHS = NO;
				CLANG_CXX_LANGUAGE_STANDARD = "gnu++0x";
				CLANG_CXX_LIBRARY = "libc++";
				CLANG_ENABLE_MODULES = YES;
				CLANG_ENABLE_OBJC_ARC = YES;
				CLANG_WARN_BOOL_CONVERSION = YES;
				CLANG_WARN_CONSTANT_CONVERSION = YES;
				CLANG_WARN_DIRECT_OBJC_ISA_USAGE = YES_ERROR;
				CLANG_WARN_EMPTY_BODY = YES;
				CLANG_WARN_ENUM_CONVERSION = YES;
				CLANG_WARN_INT_CONVERSION = YES;
				CLANG_WARN_OBJC_ROOT_CLASS = YES_ERROR;
				CLANG_WARN__DUPLICATE_METHOD_MATCH = YES;
				COPY_PHASE_STRIP = NO;
				GCC_C_LANGUAGE_STANDARD = gnu99;
				GCC_DYNAMIC_NO_PIC = NO;
				GCC_ENABLE_OBJC_EXCEPTIONS = YES;
				GCC_OPTIMIZATION_LEVEL = 0;
				GCC_PREPROCESSOR_DEFINITIONS = (
					"DEBUG=1",
					"$(inherited)",
				);
				GCC_SYMBOLS_PRIVATE_EXTERN = NO;
				GCC_WARN_64_TO_32_BIT_CONVERSION = YES;
				GCC_WARN_ABOUT_RETURN_TYPE = YES_ERROR;
				GCC_WARN_UNDECLARED_SELECTOR = YES;
				GCC_WARN_UNINITIALIZED_AUTOS = YES_AGGRESSIVE;
				GCC_WARN_UNUSED_FUNCTION = YES;
				GCC_WARN_UNUSED_VARIABLE = YES;
				MACOSX_DEPLOYMENT_TARGET = 10.9;
				ONLY_ACTIVE_ARCH = YES;
				SDKROOT = macosx;
				SKIP_INSTALL = YES;
			};
			name = Debug;
		};
		BB8470E41A0B4824000B45D6 /* Release */ = {
			isa = XCBuildConfiguration;
			buildSettings = {
				ALWAYS_SEARCH_USER_PATHS = NO;
				CLANG_CXX_LANGUAGE_STANDARD = "gnu++0x";
				CLANG_CXX_LIBRARY = "libc++";
				CLANG_ENABLE_MODULES = YES;
				CLANG_ENABLE_OBJC_ARC = YES;
				CLANG_WARN_BOOL_CONVERSION = YES;
				CLANG_WARN_CONSTANT_CONVERSION = YES;
				CLANG_WARN_DIRECT_OBJC_ISA_USAGE = YES_ERROR;
				CLANG_WARN_EMPTY_BODY = YES;
				CLANG_WARN_ENUM_CONVERSION = YES;
				CLANG_WARN_INT_CONVERSION = YES;
				CLANG_WARN_OBJC_ROOT_CLASS = YES_ERROR;
				CLANG_WARN__DUPLICATE_METHOD_MATCH = YES;
				COPY_PHASE_STRIP = YES;
				DEBUG_INFORMATION_FORMAT = "dwarf-with-dsym";
				ENABLE_NS_ASSERTIONS = NO;
				GCC_C_LANGUAGE_STANDARD = gnu99;
				GCC_ENABLE_OBJC_EXCEPTIONS = YES;
				GCC_WARN_64_TO_32_BIT_CONVERSION = YES;
				GCC_WARN_ABOUT_RETURN_TYPE = YES_ERROR;
				GCC_WARN_UNDECLARED_SELECTOR = YES;
				GCC_WARN_UNINITIALIZED_AUTOS = YES_AGGRESSIVE;
				GCC_WARN_UNUSED_FUNCTION = YES;
				GCC_WARN_UNUSED_VARIABLE = YES;
				MACOSX_DEPLOYMENT_TARGET = 10.9;
				SDKROOT = macosx;
				SKIP_INSTALL = YES;
			};
			name = Release;
		};
		BB8470E61A0B4824000B45D6 /* Debug */ = {
			isa = XCBuildConfiguration;
			buildSettings = {
				EXECUTABLE_PREFIX = lib;
				PRODUCT_NAME = "$(TARGET_NAME)";
			};
			name = Debug;
		};
		BB8470E71A0B4824000B45D6 /* Release */ = {
			isa = XCBuildConfiguration;
			buildSettings = {
				EXECUTABLE_PREFIX = lib;
				PRODUCT_NAME = "$(TARGET_NAME)";
			};
			name = Release;
		};
/* End XCBuildConfiguration section */

/* Begin XCConfigurationList section */
		BB8470DC1A0B4824000B45D6 /* Build configuration list for PBXProject "StringExtensions" */ = {
			isa = XCConfigurationList;
			buildConfigurations = (
				BB8470E31A0B4824000B45D6 /* Debug */,
				BB8470E41A0B4824000B45D6 /* Release */,
			);
			defaultConfigurationIsVisible = 0;
			defaultConfigurationName = Release;
		};
		BB8470E51A0B4824000B45D6 /* Build configuration list for PBXNativeTarget "StringExtensions" */ = {
			isa = XCConfigurationList;
			buildConfigurations = (
				BB8470E61A0B4824000B45D6 /* Debug */,
				BB8470E71A0B4824000B45D6 /* Release */,
			);
			defaultConfigurationIsVisible = 0;
			defaultConfigurationName = Release;
		};
/* End XCConfigurationList section */
	};
	rootObject = BB8470D91A0B4824000B45D6 /* Project object */;
}
